
Microsoft Visual Studio Solution File, Format Version 12.00
# Visual Studio Version 17
VisualStudioVersion = 17.4.33213.308
MinimumVisualStudioVersion = 10.0.40219.1
Project("{FAE04EC0-301F-11D3-BF4B-00C04F79EFBC}") = "DAYZDND", "DAYZDND\DAYZDND.csproj", "{A7CA8538-4302-4356-9ADA-BF7ECA780271}"
EndProject
Global
	GlobalSection(SolutionConfigurationPlatforms) = preSolution
		Debug|Any CPU = Debug|Any CPU
		Release|Any CPU = Release|Any CPU
	EndGlobalSection
	GlobalSection(ProjectConfigurationPlatforms) = postSolution
		{A7CA8538-4302-4356-9ADA-BF7ECA780271}.Debug|Any CPU.ActiveCfg = Debug|Any CPU
		{A7CA8538-4302-4356-9ADA-BF7ECA780271}.Debug|Any CPU.Build.0 = Debug|Any CPU
		{A7CA8538-4302-4356-9ADA-BF7ECA780271}.Release|Any CPU.ActiveCfg = Release|Any CPU
		{A7CA8538-4302-4356-9ADA-BF7ECA780271}.Release|Any CPU.Build.0 = Release|Any CPU
	EndGlobalSection
	GlobalSection(SolutionProperties) = preSolution
		HideSolutionNode = FALSE
	EndGlobalSection
	GlobalSection(ExtensibilityGlobals) = postSolution
		SolutionGuid = {5CF9C864-3536-4DDC-BFCF-2292829B2E44}
	EndGlobalSection
EndGlobal
